
Microsoft Visual Studio Solution File, Format Version 12.00
# Visual Studio Version 16
VisualStudioVersion = 16.0.31229.75
MinimumVisualStudioVersion = 10.0.40219.1
Project("{FAE04EC0-301F-11D3-BF4B-00C04F79EFBC}") = "PWAtest", "PWAtest\PWAtest.csproj", "{E324B6B9-DE74-43C8-8351-CEBB092AADC7}"
EndProject
Global
	GlobalSection(SolutionConfigurationPlatforms) = preSolution
		Debug|Any CPU = Debug|Any CPU
		Release|Any CPU = Release|Any CPU
	EndGlobalSection
	GlobalSection(ProjectConfigurationPlatforms) = postSolution
		{E324B6B9-DE74-43C8-8351-CEBB092AADC7}.Debug|Any CPU.ActiveCfg = Debug|Any CPU
		{E324B6B9-DE74-43C8-8351-CEBB092AADC7}.Debug|Any CPU.Build.0 = Debug|Any CPU
		{E324B6B9-DE74-43C8-8351-CEBB092AADC7}.Release|Any CPU.ActiveCfg = Release|Any CPU
		{E324B6B9-DE74-43C8-8351-CEBB092AADC7}.Release|Any CPU.Build.0 = Release|Any CPU
	EndGlobalSection
	GlobalSection(SolutionProperties) = preSolution
		HideSolutionNode = FALSE
	EndGlobalSection
	GlobalSection(ExtensibilityGlobals) = postSolution
		SolutionGuid = {AE117C3F-BA40-4EAD-AA9A-9E0A100035CB}
	EndGlobalSection
EndGlobal
